
Microsoft Visual Studio Solution File, Format Version 12.00
# Visual Studio Version 17
VisualStudioVersion = 17.12.35527.113
MinimumVisualStudioVersion = 10.0.40219.1
Project("{2150E333-8FDC-42A3-9474-1A3956D46DE8}") = "Services", "Services", "{6E57790A-A5F7-461C-8F3D-1AA9E71310B2}"
EndProject
Project("{2150E333-8FDC-42A3-9474-1A3956D46DE8}") = "Catalog", "Catalog", "{7474C7CF-B652-4BB3-B967-5CD5D3D94A0B}"
EndProject
Project("{2150E333-8FDC-42A3-9474-1A3956D46DE8}") = "BuildingBlocks", "BuildingBlocks", "{2628C413-9461-4358-865E-7E8AA8CDD167}"
EndProject
Project("{2150E333-8FDC-42A3-9474-1A3956D46DE8}") = "Solution Items", "Solution Items", "{025C0042-45C3-4CE9-88C2-7F53AF1AAA34}"
	ProjectSection(SolutionItems) = preProject
		.editorconfig = .editorconfig
		EShopMicroservices.postman_collection.json = EShopMicroservices.postman_collection.json
	EndProjectSection
EndProject
Project("{2150E333-8FDC-42A3-9474-1A3956D46DE8}") = "Basket", "Basket", "{F3BB57E0-640F-4D85-8DDD-C1DDD292E801}"
EndProject
Project("{2150E333-8FDC-42A3-9474-1A3956D46DE8}") = "Discount", "Discount", "{03405806-62FA-4173-946C-7C8A19CFB73F}"
EndProject
Project("{2150E333-8FDC-42A3-9474-1A3956D46DE8}") = "Ordering", "Ordering", "{4144BCD4-EBF3-42CC-985D-85A263960C99}"
EndProject
Project("{FAE04EC0-301F-11D3-BF4B-00C04F79EFBC}") = "BuildingBlocks", "src\BuildingBlocks\BuildingBlocks\BuildingBlocks.csproj", "{D2607EF5-D45C-0799-DBAB-8F9823749714}"
EndProject
Project("{FAE04EC0-301F-11D3-BF4B-00C04F79EFBC}") = "Basket.API", "src\Services\Basket\Basket.API\Basket.API.csproj", "{CB197780-1546-3846-C760-8D86AD2EBCD8}"
EndProject
Project("{FAE04EC0-301F-11D3-BF4B-00C04F79EFBC}") = "Catalog.API", "src\Services\Catalog\Catalog.API\Catalog.API.csproj", "{2577D5E5-EA8A-BC2D-48B9-5FCA0BB92918}"
EndProject
Project("{FAE04EC0-301F-11D3-BF4B-00C04F79EFBC}") = "Discount.Grpc", "src\Services\Discount\Discount.Grpc\Discount.Grpc.csproj", "{7973A32F-9A0A-92C5-3577-AF4086D051F6}"
EndProject
Project("{FAE04EC0-301F-11D3-BF4B-00C04F79EFBC}") = "Ordering.API", "src\Services\Ordering\Ordering.API\Ordering.API.csproj", "{EC3026C4-018A-C1B5-CC47-B1D73CE3A0C4}"
EndProject
Project("{FAE04EC0-301F-11D3-BF4B-00C04F79EFBC}") = "Ordering.Application", "src\Services\Ordering\Ordering.Application\Ordering.Application.csproj", "{34EA2972-A76C-1BD9-EB97-4EBC485CEE0F}"
EndProject
Project("{FAE04EC0-301F-11D3-BF4B-00C04F79EFBC}") = "Ordering.Domain", "src\Services\Ordering\Ordering.Domain\Ordering.Domain.csproj", "{77EF842A-C1B8-BD32-88B7-B626F72D9908}"
EndProject
Project("{FAE04EC0-301F-11D3-BF4B-00C04F79EFBC}") = "Ordering.Infrastructure", "src\Services\Ordering\Ordering.Infrastructure\Ordering.Infrastructure.csproj", "{D174FA7F-72F5-FE5D-BD2C-E052CAB9AF21}"
EndProject
Project("{E53339B2-1760-4266-BCC7-CA923CBCF16C}") = "docker-compose", "docker-compose.dcproj", "{81DDED9D-158B-E303-5F62-77A2896D2A5A}"
EndProject
Global
	GlobalSection(SolutionConfigurationPlatforms) = preSolution
		Debug|Any CPU = Debug|Any CPU
		Release|Any CPU = Release|Any CPU
	EndGlobalSection
	GlobalSection(ProjectConfigurationPlatforms) = postSolution
		{D2607EF5-D45C-0799-DBAB-8F9823749714}.Debug|Any CPU.ActiveCfg = Debug|Any CPU
		{D2607EF5-D45C-0799-DBAB-8F9823749714}.Debug|Any CPU.Build.0 = Debug|Any CPU
		{D2607EF5-D45C-0799-DBAB-8F9823749714}.Release|Any CPU.ActiveCfg = Release|Any CPU
		{D2607EF5-D45C-0799-DBAB-8F9823749714}.Release|Any CPU.Build.0 = Release|Any CPU
		{CB197780-1546-3846-C760-8D86AD2EBCD8}.Debug|Any CPU.ActiveCfg = Debug|Any CPU
		{CB197780-1546-3846-C760-8D86AD2EBCD8}.Debug|Any CPU.Build.0 = Debug|Any CPU
		{CB197780-1546-3846-C760-8D86AD2EBCD8}.Release|Any CPU.ActiveCfg = Release|Any CPU
		{CB197780-1546-3846-C760-8D86AD2EBCD8}.Release|Any CPU.Build.0 = Release|Any CPU
		{2577D5E5-EA8A-BC2D-48B9-5FCA0BB92918}.Debug|Any CPU.ActiveCfg = Debug|Any CPU
		{2577D5E5-EA8A-BC2D-48B9-5FCA0BB92918}.Debug|Any CPU.Build.0 = Debug|Any CPU
		{2577D5E5-EA8A-BC2D-48B9-5FCA0BB92918}.Release|Any CPU.ActiveCfg = Release|Any CPU
		{2577D5E5-EA8A-BC2D-48B9-5FCA0BB92918}.Release|Any CPU.Build.0 = Release|Any CPU
		{7973A32F-9A0A-92C5-3577-AF4086D051F6}.Debug|Any CPU.ActiveCfg = Debug|Any CPU
		{7973A32F-9A0A-92C5-3577-AF4086D051F6}.Debug|Any CPU.Build.0 = Debug|Any CPU
		{7973A32F-9A0A-92C5-3577-AF4086D051F6}.Release|Any CPU.ActiveCfg = Release|Any CPU
		{7973A32F-9A0A-92C5-3577-AF4086D051F6}.Release|Any CPU.Build.0 = Release|Any CPU
		{EC3026C4-018A-C1B5-CC47-B1D73CE3A0C4}.Debug|Any CPU.ActiveCfg = Debug|Any CPU
		{EC3026C4-018A-C1B5-CC47-B1D73CE3A0C4}.Debug|Any CPU.Build.0 = Debug|Any CPU
		{EC3026C4-018A-C1B5-CC47-B1D73CE3A0C4}.Release|Any CPU.ActiveCfg = Release|Any CPU
		{EC3026C4-018A-C1B5-CC47-B1D73CE3A0C4}.Release|Any CPU.Build.0 = Release|Any CPU
		{34EA2972-A76C-1BD9-EB97-4EBC485CEE0F}.Debug|Any CPU.ActiveCfg = Debug|Any CPU
		{34EA2972-A76C-1BD9-EB97-4EBC485CEE0F}.Debug|Any CPU.Build.0 = Debug|Any CPU
		{34EA2972-A76C-1BD9-EB97-4EBC485CEE0F}.Release|Any CPU.ActiveCfg = Release|Any CPU
		{34EA2972-A76C-1BD9-EB97-4EBC485CEE0F}.Release|Any CPU.Build.0 = Release|Any CPU
		{77EF842A-C1B8-BD32-88B7-B626F72D9908}.Debug|Any CPU.ActiveCfg = Debug|Any CPU
		{77EF842A-C1B8-BD32-88B7-B626F72D9908}.Debug|Any CPU.Build.0 = Debug|Any CPU
		{77EF842A-C1B8-BD32-88B7-B626F72D9908}.Release|Any CPU.ActiveCfg = Release|Any CPU
		{77EF842A-C1B8-BD32-88B7-B626F72D9908}.Release|Any CPU.Build.0 = Release|Any CPU
		{D174FA7F-72F5-FE5D-BD2C-E052CAB9AF21}.Debug|Any CPU.ActiveCfg = Debug|Any CPU
		{D174FA7F-72F5-FE5D-BD2C-E052CAB9AF21}.Debug|Any CPU.Build.0 = Debug|Any CPU
		{D174FA7F-72F5-FE5D-BD2C-E052CAB9AF21}.Release|Any CPU.ActiveCfg = Release|Any CPU
		{D174FA7F-72F5-FE5D-BD2C-E052CAB9AF21}.Release|Any CPU.Build.0 = Release|Any CPU
		{81DDED9D-158B-E303-5F62-77A2896D2A5A}.Debug|Any CPU.ActiveCfg = Debug|Any CPU
		{81DDED9D-158B-E303-5F62-77A2896D2A5A}.Debug|Any CPU.Build.0 = Debug|Any CPU
		{81DDED9D-158B-E303-5F62-77A2896D2A5A}.Release|Any CPU.ActiveCfg = Release|Any CPU
		{81DDED9D-158B-E303-5F62-77A2896D2A5A}.Release|Any CPU.Build.0 = Release|Any CPU
	EndGlobalSection
	GlobalSection(SolutionProperties) = preSolution
		HideSolutionNode = FALSE
	EndGlobalSection
	GlobalSection(NestedProjects) = preSolution
		{7474C7CF-B652-4BB3-B967-5CD5D3D94A0B} = {6E57790A-A5F7-461C-8F3D-1AA9E71310B2}
		{F3BB57E0-640F-4D85-8DDD-C1DDD292E801} = {6E57790A-A5F7-461C-8F3D-1AA9E71310B2}
		{03405806-62FA-4173-946C-7C8A19CFB73F} = {6E57790A-A5F7-461C-8F3D-1AA9E71310B2}
		{4144BCD4-EBF3-42CC-985D-85A263960C99} = {6E57790A-A5F7-461C-8F3D-1AA9E71310B2}
		{D2607EF5-D45C-0799-DBAB-8F9823749714} = {2628C413-9461-4358-865E-7E8AA8CDD167}
		{CB197780-1546-3846-C760-8D86AD2EBCD8} = {F3BB57E0-640F-4D85-8DDD-C1DDD292E801}
		{2577D5E5-EA8A-BC2D-48B9-5FCA0BB92918} = {7474C7CF-B652-4BB3-B967-5CD5D3D94A0B}
		{7973A32F-9A0A-92C5-3577-AF4086D051F6} = {03405806-62FA-4173-946C-7C8A19CFB73F}
		{EC3026C4-018A-C1B5-CC47-B1D73CE3A0C4} = {4144BCD4-EBF3-42CC-985D-85A263960C99}
		{34EA2972-A76C-1BD9-EB97-4EBC485CEE0F} = {4144BCD4-EBF3-42CC-985D-85A263960C99}
		{77EF842A-C1B8-BD32-88B7-B626F72D9908} = {4144BCD4-EBF3-42CC-985D-85A263960C99}
		{D174FA7F-72F5-FE5D-BD2C-E052CAB9AF21} = {4144BCD4-EBF3-42CC-985D-85A263960C99}
	EndGlobalSection
	GlobalSection(ExtensibilityGlobals) = postSolution
		SolutionGuid = {36E4297D-B326-4D9C-B393-86B273E9F522}
	EndGlobalSection
EndGlobal
