
Microsoft Visual Studio Solution File, Format Version 12.00
# Visual Studio Version 17
VisualStudioVersion = 17.12.35527.113
MinimumVisualStudioVersion = 10.0.40219.1
Project("{2150E333-8FDC-42A3-9474-1A3956D46DE8}") = "Services", "Services", "{6E57790A-A5F7-461C-8F3D-1AA9E71310B2}"
EndProject
Project("{2150E333-8FDC-42A3-9474-1A3956D46DE8}") = "Catalog", "Catalog", "{7474C7CF-B652-4BB3-B967-5CD5D3D94A0B}"
EndProject
Project("{FAE04EC0-301F-11D3-BF4B-00C04F79EFBC}") = "Catalog.API", "Catalog.API\Catalog.API.csproj", "{87F2E9A3-9C5F-4FE2-95D3-1D6B4674F239}"
EndProject
Project("{2150E333-8FDC-42A3-9474-1A3956D46DE8}") = "BuildingBlocks", "BuildingBlocks", "{2628C413-9461-4358-865E-7E8AA8CDD167}"
EndProject
Project("{FAE04EC0-301F-11D3-BF4B-00C04F79EFBC}") = "BuildingBlocks", "BuildingBlocks\BuildingBlocks.csproj", "{93E4E9F4-AF44-4583-A300-CAD301776E2C}"
EndProject
Project("{2150E333-8FDC-42A3-9474-1A3956D46DE8}") = "Solution Items", "Solution Items", "{025C0042-45C3-4CE9-88C2-7F53AF1AAA34}"
	ProjectSection(SolutionItems) = preProject
		.editorconfig = .editorconfig
		EShopMicroservices.json = EShopMicroservices.json
	EndProjectSection
EndProject
Project("{E53339B2-1760-4266-BCC7-CA923CBCF16C}") = "docker-compose", "docker-compose.dcproj", "{21DE9C84-9D55-408A-82E7-91F9619FB7B0}"
EndProject
Global
	GlobalSection(SolutionConfigurationPlatforms) = preSolution
		Debug|Any CPU = Debug|Any CPU
		Release|Any CPU = Release|Any CPU
	EndGlobalSection
	GlobalSection(ProjectConfigurationPlatforms) = postSolution
		{87F2E9A3-9C5F-4FE2-95D3-1D6B4674F239}.Debug|Any CPU.ActiveCfg = Debug|Any CPU
		{87F2E9A3-9C5F-4FE2-95D3-1D6B4674F239}.Debug|Any CPU.Build.0 = Debug|Any CPU
		{87F2E9A3-9C5F-4FE2-95D3-1D6B4674F239}.Release|Any CPU.ActiveCfg = Release|Any CPU
		{87F2E9A3-9C5F-4FE2-95D3-1D6B4674F239}.Release|Any CPU.Build.0 = Release|Any CPU
		{93E4E9F4-AF44-4583-A300-CAD301776E2C}.Debug|Any CPU.ActiveCfg = Debug|Any CPU
		{93E4E9F4-AF44-4583-A300-CAD301776E2C}.Debug|Any CPU.Build.0 = Debug|Any CPU
		{93E4E9F4-AF44-4583-A300-CAD301776E2C}.Release|Any CPU.ActiveCfg = Release|Any CPU
		{93E4E9F4-AF44-4583-A300-CAD301776E2C}.Release|Any CPU.Build.0 = Release|Any CPU
		{21DE9C84-9D55-408A-82E7-91F9619FB7B0}.Debug|Any CPU.ActiveCfg = Debug|Any CPU
		{21DE9C84-9D55-408A-82E7-91F9619FB7B0}.Debug|Any CPU.Build.0 = Debug|Any CPU
		{21DE9C84-9D55-408A-82E7-91F9619FB7B0}.Release|Any CPU.ActiveCfg = Release|Any CPU
		{21DE9C84-9D55-408A-82E7-91F9619FB7B0}.Release|Any CPU.Build.0 = Release|Any CPU
	EndGlobalSection
	GlobalSection(SolutionProperties) = preSolution
		HideSolutionNode = FALSE
	EndGlobalSection
	GlobalSection(NestedProjects) = preSolution
		{7474C7CF-B652-4BB3-B967-5CD5D3D94A0B} = {6E57790A-A5F7-461C-8F3D-1AA9E71310B2}
		{87F2E9A3-9C5F-4FE2-95D3-1D6B4674F239} = {7474C7CF-B652-4BB3-B967-5CD5D3D94A0B}
		{93E4E9F4-AF44-4583-A300-CAD301776E2C} = {2628C413-9461-4358-865E-7E8AA8CDD167}
	EndGlobalSection
EndGlobal
